// !$*UTF8*$!
{
	archiveVersion = 1;
	classes = {
	};
	objectVersion = 46;
	objects = {

/* Begin PBXBuildFile section */
		AA4BED931E3FBFD9001E828A /* AppDelegate.swift in Sources */ = {isa = PBXBuildFile; fileRef = AA4BED921E3FBFD9001E828A /* AppDelegate.swift */; };
		AA4BED951E3FBFD9001E828A /* ViewController.swift in Sources */ = {isa = PBXBuildFile; fileRef = AA4BED941E3FBFD9001E828A /* ViewController.swift */; };
		AA4BED981E3FBFD9001E828A /* Main.storyboard in Resources */ = {isa = PBXBuildFile; fileRef = AA4BED961E3FBFD9001E828A /* Main.storyboard */; };
		AA4BED9A1E3FBFD9001E828A /* Assets.xcassets in Resources */ = {isa = PBXBuildFile; fileRef = AA4BED991E3FBFD9001E828A /* Assets.xcassets */; };
		AA4BED9D1E3FBFD9001E828A /* LaunchScreen.storyboard in Resources */ = {isa = PBXBuildFile; fileRef = AA4BED9B1E3FBFD9001E828A /* LaunchScreen.storyboard */; };
		AA4BEDA81E3FBFD9001E828A /* uikitTests.swift in Sources */ = {isa = PBXBuildFile; fileRef = AA4BEDA71E3FBFD9001E828A /* uikitTests.swift */; };
		AA4BEDB31E3FBFD9001E828A /* uikitUITests.swift in Sources */ = {isa = PBXBuildFile; fileRef = AA4BEDB21E3FBFD9001E828A /* uikitUITests.swift */; };
/* End PBXBuildFile section */

/* Begin PBXContainerItemProxy section */
		AA4BEDA41E3FBFD9001E828A /* PBXContainerItemProxy */ = {
			isa = PBXContainerItemProxy;
			containerPortal = AA4BED871E3FBFD9001E828A /* Project object */;
			proxyType = 1;
			remoteGlobalIDString = AA4BED8E1E3FBFD9001E828A;
			remoteInfo = uikit;
		};
		AA4BEDAF1E3FBFD9001E828A /* PBXContainerItemProxy */ = {
			isa = PBXContainerItemProxy;
			containerPortal = AA4BED871E3FBFD9001E828A /* Project object */;
			proxyType = 1;
			remoteGlobalIDString = AA4BED8E1E3FBFD9001E828A;
			remoteInfo = uikit;
		};
/* End PBXContainerItemProxy section */

/* Begin PBXFileReference section */
		AA4BED8F1E3FBFD9001E828A /* uikit.app */ = {isa = PBXFileReference; explicitFileType = wrapper.application; includeInIndex = 0; path = uikit.app; sourceTree = BUILT_PRODUCTS_DIR; };
		AA4BED921E3FBFD9001E828A /* AppDelegate.swift */ = {isa = PBXFileReference; lastKnownFileType = sourcecode.swift; path = AppDelegate.swift; sourceTree = "<group>"; };
		AA4BED941E3FBFD9001E828A /* ViewController.swift */ = {isa = PBXFileReference; lastKnownFileType = sourcecode.swift; path = ViewController.swift; sourceTree = "<group>"; };
		AA4BED971E3FBFD9001E828A /* Base */ = {isa = PBXFileReference; lastKnownFileType = file.storyboard; name = Base; path = Base.lproj/Main.storyboard; sourceTree = "<group>"; };
		AA4BED991E3FBFD9001E828A /* Assets.xcassets */ = {isa = PBXFileReference; lastKnownFileType = folder.assetcatalog; path = Assets.xcassets; sourceTree = "<group>"; };
		AA4BED9C1E3FBFD9001E828A /* Base */ = {isa = PBXFileReference; lastKnownFileType = file.storyboard; name = Base; path = Base.lproj/LaunchScreen.storyboard; sourceTree = "<group>"; };
		AA4BED9E1E3FBFD9001E828A /* Info.plist */ = {isa = PBXFileReference; lastKnownFileType = text.plist.xml; path = Info.plist; sourceTree = "<group>"; };
		AA4BEDA31E3FBFD9001E828A /* uikitTests.xctest */ = {isa = PBXFileReference; explicitFileType = wrapper.cfbundle; includeInIndex = 0; path = uikitTests.xctest; sourceTree = BUILT_PRODUCTS_DIR; };
		AA4BEDA71E3FBFD9001E828A /* uikitTests.swift */ = {isa = PBXFileReference; lastKnownFileType = sourcecode.swift; path = uikitTests.swift; sourceTree = "<group>"; };
		AA4BEDA91E3FBFD9001E828A /* Info.plist */ = {isa = PBXFileReference; lastKnownFileType = text.plist.xml; path = Info.plist; sourceTree = "<group>"; };
		AA4BEDAE1E3FBFD9001E828A /* uikitUITests.xctest */ = {isa = PBXFileReference; explicitFileType = wrapper.cfbundle; includeInIndex = 0; path = uikitUITests.xctest; sourceTree = BUILT_PRODUCTS_DIR; };
		AA4BEDB21E3FBFD9001E828A /* uikitUITests.swift */ = {isa = PBXFileReference; lastKnownFileType = sourcecode.swift; path = uikitUITests.swift; sourceTree = "<group>"; };
		AA4BEDB41E3FBFD9001E828A /* Info.plist */ = {isa = PBXFileReference; lastKnownFileType = text.plist.xml; path = Info.plist; sourceTree = "<group>"; };
/* End PBXFileReference section */

/* Begin PBXFrameworksBuildPhase section */
		AA4BED8C1E3FBFD9001E828A /* Frameworks */ = {
			isa = PBXFrameworksBuildPhase;
			buildActionMask = 2147483647;
			files = (
			);
			runOnlyForDeploymentPostprocessing = 0;
		};
		AA4BEDA01E3FBFD9001E828A /* Frameworks */ = {
			isa = PBXFrameworksBuildPhase;
			buildActionMask = 2147483647;
			files = (
			);
			runOnlyForDeploymentPostprocessing = 0;
		};
		AA4BEDAB1E3FBFD9001E828A /* Frameworks */ = {
			isa = PBXFrameworksBuildPhase;
			buildActionMask = 2147483647;
			files = (
			);
			runOnlyForDeploymentPostprocessing = 0;
		};
/* End PBXFrameworksBuildPhase section */

/* Begin PBXGroup section */
		AA4BED861E3FBFD9001E828A = {
			isa = PBXGroup;
			children = (
				AA4BED911E3FBFD9001E828A /* uikit */,
				AA4BEDA61E3FBFD9001E828A /* uikitTests */,
				AA4BEDB11E3FBFD9001E828A /* uikitUITests */,
				AA4BED901E3FBFD9001E828A /* Products */,
			);
			sourceTree = "<group>";
		};
		AA4BED901E3FBFD9001E828A /* Products */ = {
			isa = PBXGroup;
			children = (
				AA4BED8F1E3FBFD9001E828A /* uikit.app */,
				AA4BEDA31E3FBFD9001E828A /* uikitTests.xctest */,
				AA4BEDAE1E3FBFD9001E828A /* uikitUITests.xctest */,
			);
			name = Products;
			sourceTree = "<group>";
		};
		AA4BED911E3FBFD9001E828A /* uikit */ = {
			isa = PBXGroup;
			children = (
				AA4BED921E3FBFD9001E828A /* AppDelegate.swift */,
				AA4BED941E3FBFD9001E828A /* ViewController.swift */,
				AA4BED961E3FBFD9001E828A /* Main.storyboard */,
				AA4BED991E3FBFD9001E828A /* Assets.xcassets */,
				AA4BED9B1E3FBFD9001E828A /* LaunchScreen.storyboard */,
				AA4BED9E1E3FBFD9001E828A /* Info.plist */,
			);
			path = uikit;
			sourceTree = "<group>";
		};
		AA4BEDA61E3FBFD9001E828A /* uikitTests */ = {
			isa = PBXGroup;
			children = (
				AA4BEDA71E3FBFD9001E828A /* uikitTests.swift */,
				AA4BEDA91E3FBFD9001E828A /* Info.plist */,
			);
			path = uikitTests;
			sourceTree = "<group>";
		};
		AA4BEDB11E3FBFD9001E828A /* uikitUITests */ = {
			isa = PBXGroup;
			children = (
				AA4BEDB21E3FBFD9001E828A /* uikitUITests.swift */,
				AA4BEDB41E3FBFD9001E828A /* Info.plist */,
			);
			path = uikitUITests;
			sourceTree = "<group>";
		};
/* End PBXGroup section */

/* Begin PBXNativeTarget section */
		AA4BED8E1E3FBFD9001E828A /* uikit */ = {
			isa = PBXNativeTarget;
			buildConfigurationList = AA4BEDB71E3FBFD9001E828A /* Build configuration list for PBXNativeTarget "uikit" */;
			buildPhases = (
				AA4BED8B1E3FBFD9001E828A /* Sources */,
				AA4BED8C1E3FBFD9001E828A /* Frameworks */,
				AA4BED8D1E3FBFD9001E828A /* Resources */,
			);
			buildRules = (
			);
			dependencies = (
			);
			name = uikit;
			productName = uikit;
			productReference = AA4BED8F1E3FBFD9001E828A /* uikit.app */;
			productType = "com.apple.product-type.application";
		};
		AA4BEDA21E3FBFD9001E828A /* uikitTests */ = {
			isa = PBXNativeTarget;
			buildConfigurationList = AA4BEDBA1E3FBFD9001E828A /* Build configuration list for PBXNativeTarget "uikitTests" */;
			buildPhases = (
				AA4BED9F1E3FBFD9001E828A /* Sources */,
				AA4BEDA01E3FBFD9001E828A /* Frameworks */,
				AA4BEDA11E3FBFD9001E828A /* Resources */,
			);
			buildRules = (
			);
			dependencies = (
				AA4BEDA51E3FBFD9001E828A /* PBXTargetDependency */,
			);
			name = uikitTests;
			productName = uikitTests;
			productReference = AA4BEDA31E3FBFD9001E828A /* uikitTests.xctest */;
			productType = "com.apple.product-type.bundle.unit-test";
		};
		AA4BEDAD1E3FBFD9001E828A /* uikitUITests */ = {
			isa = PBXNativeTarget;
			buildConfigurationList = AA4BEDBD1E3FBFD9001E828A /* Build configuration list for PBXNativeTarget "uikitUITests" */;
			buildPhases = (
				AA4BEDAA1E3FBFD9001E828A /* Sources */,
				AA4BEDAB1E3FBFD9001E828A /* Frameworks */,
				AA4BEDAC1E3FBFD9001E828A /* Resources */,
			);
			buildRules = (
			);
			dependencies = (
				AA4BEDB01E3FBFD9001E828A /* PBXTargetDependency */,
			);
			name = uikitUITests;
			productName = uikitUITests;
			productReference = AA4BEDAE1E3FBFD9001E828A /* uikitUITests.xctest */;
			productType = "com.apple.product-type.bundle.ui-testing";
		};
/* End PBXNativeTarget section */

/* Begin PBXProject section */
		AA4BED871E3FBFD9001E828A /* Project object */ = {
			isa = PBXProject;
			attributes = {
				LastSwiftUpdateCheck = 0820;
				LastUpgradeCheck = 0820;
				ORGANIZATIONNAME = Lmusto;
				TargetAttributes = {
					AA4BED8E1E3FBFD9001E828A = {
						CreatedOnToolsVersion = 8.2.1;
						DevelopmentTeam = 7X3B669663;
						ProvisioningStyle = Automatic;
					};
					AA4BEDA21E3FBFD9001E828A = {
						CreatedOnToolsVersion = 8.2.1;
						DevelopmentTeam = 7X3B669663;
						ProvisioningStyle = Automatic;
						TestTargetID = AA4BED8E1E3FBFD9001E828A;
					};
					AA4BEDAD1E3FBFD9001E828A = {
						CreatedOnToolsVersion = 8.2.1;
						DevelopmentTeam = 7X3B669663;
						ProvisioningStyle = Automatic;
						TestTargetID = AA4BED8E1E3FBFD9001E828A;
					};
				};
			};
			buildConfigurationList = AA4BED8A1E3FBFD9001E828A /* Build configuration list for PBXProject "uikit" */;
			compatibilityVersion = "Xcode 3.2";
			developmentRegion = English;
			hasScannedForEncodings = 0;
			knownRegions = (
				en,
				Base,
			);
			mainGroup = AA4BED861E3FBFD9001E828A;
			productRefGroup = AA4BED901E3FBFD9001E828A /* Products */;
			projectDirPath = "";
			projectRoot = "";
			targets = (
				AA4BED8E1E3FBFD9001E828A /* uikit */,
				AA4BEDA21E3FBFD9001E828A /* uikitTests */,
				AA4BEDAD1E3FBFD9001E828A /* uikitUITests */,
			);
		};
/* End PBXProject section */

/* Begin PBXResourcesBuildPhase section */
		AA4BED8D1E3FBFD9001E828A /* Resources */ = {
			isa = PBXResourcesBuildPhase;
			buildActionMask = 2147483647;
			files = (
				AA4BED9D1E3FBFD9001E828A /* LaunchScreen.storyboard in Resources */,
				AA4BED9A1E3FBFD9001E828A /* Assets.xcassets in Resources */,
				AA4BED981E3FBFD9001E828A /* Main.storyboard in Resources */,
			);
			runOnlyForDeploymentPostprocessing = 0;
		};
		AA4BEDA11E3FBFD9001E828A /* Resources */ = {
			isa = PBXResourcesBuildPhase;
			buildActionMask = 2147483647;
			files = (
			);
			runOnlyForDeploymentPostprocessing = 0;
		};
		AA4BEDAC1E3FBFD9001E828A /* Resources */ = {
			isa = PBXResourcesBuildPhase;
			buildActionMask = 2147483647;
			files = (
			);
			runOnlyForDeploymentPostprocessing = 0;
		};
/* End PBXResourcesBuildPhase section */

/* Begin PBXSourcesBuildPhase section */
		AA4BED8B1E3FBFD9001E828A /* Sources */ = {
			isa = PBXSourcesBuildPhase;
			buildActionMask = 2147483647;
			files = (
				AA4BED951E3FBFD9001E828A /* ViewController.swift in Sources */,
				AA4BED931E3FBFD9001E828A /* AppDelegate.swift in Sources */,
			);
			runOnlyForDeploymentPostprocessing = 0;
		};
		AA4BED9F1E3FBFD9001E828A /* Sources */ = {
			isa = PBXSourcesBuildPhase;
			buildActionMask = 2147483647;
			files = (
				AA4BEDA81E3FBFD9001E828A /* uikitTests.swift in Sources */,
			);
			runOnlyForDeploymentPostprocessing = 0;
		};
		AA4BEDAA1E3FBFD9001E828A /* Sources */ = {
			isa = PBXSourcesBuildPhase;
			buildActionMask = 2147483647;
			files = (
				AA4BEDB31E3FBFD9001E828A /* uikitUITests.swift in Sources */,
			);
			runOnlyForDeploymentPostprocessing = 0;
		};
/* End PBXSourcesBuildPhase section */

/* Begin PBXTargetDependency section */
		AA4BEDA51E3FBFD9001E828A /* PBXTargetDependency */ = {
			isa = PBXTargetDependency;
			target = AA4BED8E1E3FBFD9001E828A /* uikit */;
			targetProxy = AA4BEDA41E3FBFD9001E828A /* PBXContainerItemProxy */;
		};
		AA4BEDB01E3FBFD9001E828A /* PBXTargetDependency */ = {
			isa = PBXTargetDependency;
			target = AA4BED8E1E3FBFD9001E828A /* uikit */;
			targetProxy = AA4BEDAF1E3FBFD9001E828A /* PBXContainerItemProxy */;
		};
/* End PBXTargetDependency section */

/* Begin PBXVariantGroup section */
		AA4BED961E3FBFD9001E828A /* Main.storyboard */ = {
			isa = PBXVariantGroup;
			children = (
				AA4BED971E3FBFD9001E828A /* Base */,
			);
			name = Main.storyboard;
			sourceTree = "<group>";
		};
		AA4BED9B1E3FBFD9001E828A /* LaunchScreen.storyboard */ = {
			isa = PBXVariantGroup;
			children = (
				AA4BED9C1E3FBFD9001E828A /* Base */,
			);
			name = LaunchScreen.storyboard;
			sourceTree = "<group>";
		};
/* End PBXVariantGroup section */

/* Begin XCBuildConfiguration section */
		AA4BEDB51E3FBFD9001E828A /* Debug */ = {
			isa = XCBuildConfiguration;
			buildSettings = {
				ALWAYS_SEARCH_USER_PATHS = NO;
				CLANG_ANALYZER_NONNULL = YES;
				CLANG_CXX_LANGUAGE_STANDARD = "gnu++0x";
				CLANG_CXX_LIBRARY = "libc++";
				CLANG_ENABLE_MODULES = YES;
				CLANG_ENABLE_OBJC_ARC = YES;
				CLANG_WARN_BOOL_CONVERSION = YES;
				CLANG_WARN_CONSTANT_CONVERSION = YES;
				CLANG_WARN_DIRECT_OBJC_ISA_USAGE = YES_ERROR;
				CLANG_WARN_DOCUMENTATION_COMMENTS = YES;
				CLANG_WARN_EMPTY_BODY = YES;
				CLANG_WARN_ENUM_CONVERSION = YES;
				CLANG_WARN_INFINITE_RECURSION = YES;
				CLANG_WARN_INT_CONVERSION = YES;
				CLANG_WARN_OBJC_ROOT_CLASS = YES_ERROR;
				CLANG_WARN_SUSPICIOUS_MOVE = YES;
				CLANG_WARN_UNREACHABLE_CODE = YES;
				CLANG_WARN__DUPLICATE_METHOD_MATCH = YES;
				"CODE_SIGN_IDENTITY[sdk=iphoneos*]" = "iPhone Developer";
				COPY_PHASE_STRIP = NO;
				DEBUG_INFORMATION_FORMAT = dwarf;
				ENABLE_STRICT_OBJC_MSGSEND = YES;
				ENABLE_TESTABILITY = YES;
				GCC_C_LANGUAGE_STANDARD = gnu99;
				GCC_DYNAMIC_NO_PIC = NO;
				GCC_NO_COMMON_BLOCKS = YES;
				GCC_OPTIMIZATION_LEVEL = 0;
				GCC_PREPROCESSOR_DEFINITIONS = (
					"DEBUG=1",
					"$(inherited)",
				);
				GCC_WARN_64_TO_32_BIT_CONVERSION = YES;
				GCC_WARN_ABOUT_RETURN_TYPE = YES_ERROR;
				GCC_WARN_UNDECLARED_SELECTOR = YES;
				GCC_WARN_UNINITIALIZED_AUTOS = YES_AGGRESSIVE;
				GCC_WARN_UNUSED_FUNCTION = YES;
				GCC_WARN_UNUSED_VARIABLE = YES;
				IPHONEOS_DEPLOYMENT_TARGET = 10.2;
				MTL_ENABLE_DEBUG_INFO = YES;
				ONLY_ACTIVE_ARCH = YES;
				SDKROOT = iphoneos;
				SWIFT_ACTIVE_COMPILATION_CONDITIONS = DEBUG;
				SWIFT_OPTIMIZATION_LEVEL = "-Onone";
				TARGETED_DEVICE_FAMILY = "1,2";
			};
			name = Debug;
		};
		AA4BEDB61E3FBFD9001E828A /* Release */ = {
			isa = XCBuildConfiguration;
			buildSettings = {
				ALWAYS_SEARCH_USER_PATHS = NO;
				CLANG_ANALYZER_NONNULL = YES;
				CLANG_CXX_LANGUAGE_STANDARD = "gnu++0x";
				CLANG_CXX_LIBRARY = "libc++";
				CLANG_ENABLE_MODULES = YES;
				CLANG_ENABLE_OBJC_ARC = YES;
				CLANG_WARN_BOOL_CONVERSION = YES;
				CLANG_WARN_CONSTANT_CONVERSION = YES;
				CLANG_WARN_DIRECT_OBJC_ISA_USAGE = YES_ERROR;
				CLANG_WARN_DOCUMENTATION_COMMENTS = YES;
				CLANG_WARN_EMPTY_BODY = YES;
				CLANG_WARN_ENUM_CONVERSION = YES;
				CLANG_WARN_INFINITE_RECURSION = YES;
				CLANG_WARN_INT_CONVERSION = YES;
				CLANG_WARN_OBJC_ROOT_CLASS = YES_ERROR;
				CLANG_WARN_SUSPICIOUS_MOVE = YES;
				CLANG_WARN_UNREACHABLE_CODE = YES;
				CLANG_WARN__DUPLICATE_METHOD_MATCH = YES;
				"CODE_SIGN_IDENTITY[sdk=iphoneos*]" = "iPhone Developer";
				COPY_PHASE_STRIP = NO;
				DEBUG_INFORMATION_FORMAT = "dwarf-with-dsym";
				ENABLE_NS_ASSERTIONS = NO;
				ENABLE_STRICT_OBJC_MSGSEND = YES;
				GCC_C_LANGUAGE_STANDARD = gnu99;
				GCC_NO_COMMON_BLOCKS = YES;
				GCC_WARN_64_TO_32_BIT_CONVERSION = YES;
				GCC_WARN_ABOUT_RETURN_TYPE = YES_ERROR;
				GCC_WARN_UNDECLARED_SELECTOR = YES;
				GCC_WARN_UNINITIALIZED_AUTOS = YES_AGGRESSIVE;
				GCC_WARN_UNUSED_FUNCTION = YES;
				GCC_WARN_UNUSED_VARIABLE = YES;
				IPHONEOS_DEPLOYMENT_TARGET = 10.2;
				MTL_ENABLE_DEBUG_INFO = NO;
				SDKROOT = iphoneos;
				SWIFT_OPTIMIZATION_LEVEL = "-Owholemodule";
				TARGETED_DEVICE_FAMILY = "1,2";
				VALIDATE_PRODUCT = YES;
			};
			name = Release;
		};
		AA4BEDB81E3FBFD9001E828A /* Debug */ = {
			isa = XCBuildConfiguration;
			buildSettings = {
				ASSETCATALOG_COMPILER_APPICON_NAME = AppIcon;
				DEVELOPMENT_TEAM = 7X3B669663;
				INFOPLIST_FILE = uikit/Info.plist;
				LD_RUNPATH_SEARCH_PATHS = "$(inherited) @executable_path/Frameworks";
				PRODUCT_BUNDLE_IDENTIFIER = com.Lmusto.uikit;
				PRODUCT_NAME = "$(TARGET_NAME)";
				SWIFT_VERSION = 3.0;
			};
			name = Debug;
		};
		AA4BEDB91E3FBFD9001E828A /* Release */ = {
			isa = XCBuildConfiguration;
			buildSettings = {
				ASSETCATALOG_COMPILER_APPICON_NAME = AppIcon;
				DEVELOPMENT_TEAM = 7X3B669663;
				INFOPLIST_FILE = uikit/Info.plist;
				LD_RUNPATH_SEARCH_PATHS = "$(inherited) @executable_path/Frameworks";
				PRODUCT_BUNDLE_IDENTIFIER = com.Lmusto.uikit;
				PRODUCT_NAME = "$(TARGET_NAME)";
				SWIFT_VERSION = 3.0;
			};
			name = Release;
		};
		AA4BEDBB1E3FBFD9001E828A /* Debug */ = {
			isa = XCBuildConfiguration;
			buildSettings = {
				ALWAYS_EMBED_SWIFT_STANDARD_LIBRARIES = YES;
				BUNDLE_LOADER = "$(TEST_HOST)";
				DEVELOPMENT_TEAM = 7X3B669663;
				INFOPLIST_FILE = uikitTests/Info.plist;
				LD_RUNPATH_SEARCH_PATHS = "$(inherited) @executable_path/Frameworks @loader_path/Frameworks";
				PRODUCT_BUNDLE_IDENTIFIER = com.Lmusto.uikitTests;
				PRODUCT_NAME = "$(TARGET_NAME)";
				SWIFT_VERSION = 3.0;
				TEST_HOST = "$(BUILT_PRODUCTS_DIR)/uikit.app/uikit";
			};
			name = Debug;
		};
		AA4BEDBC1E3FBFD9001E828A /* Release */ = {
			isa = XCBuildConfiguration;
			buildSettings = {
				ALWAYS_EMBED_SWIFT_STANDARD_LIBRARIES = YES;
				BUNDLE_LOADER = "$(TEST_HOST)";
				DEVELOPMENT_TEAM = 7X3B669663;
				INFOPLIST_FILE = uikitTests/Info.plist;
				LD_RUNPATH_SEARCH_PATHS = "$(inherited) @executable_path/Frameworks @loader_path/Frameworks";
				PRODUCT_BUNDLE_IDENTIFIER = com.Lmusto.uikitTests;
				PRODUCT_NAME = "$(TARGET_NAME)";
				SWIFT_VERSION = 3.0;
				TEST_HOST = "$(BUILT_PRODUCTS_DIR)/uikit.app/uikit";
			};
			name = Release;
		};
		AA4BEDBE1E3FBFD9001E828A /* Debug */ = {
			isa = XCBuildConfiguration;
			buildSettings = {
				ALWAYS_EMBED_SWIFT_STANDARD_LIBRARIES = YES;
				DEVELOPMENT_TEAM = 7X3B669663;
				INFOPLIST_FILE = uikitUITests/Info.plist;
				LD_RUNPATH_SEARCH_PATHS = "$(inherited) @executable_path/Frameworks @loader_path/Frameworks";
				PRODUCT_BUNDLE_IDENTIFIER = com.Lmusto.uikitUITests;
				PRODUCT_NAME = "$(TARGET_NAME)";
				SWIFT_VERSION = 3.0;
				TEST_TARGET_NAME = uikit;
			};
			name = Debug;
		};
		AA4BEDBF1E3FBFD9001E828A /* Release */ = {
			isa = XCBuildConfiguration;
			buildSettings = {
				ALWAYS_EMBED_SWIFT_STANDARD_LIBRARIES = YES;
				DEVELOPMENT_TEAM = 7X3B669663;
				INFOPLIST_FILE = uikitUITests/Info.plist;
				LD_RUNPATH_SEARCH_PATHS = "$(inherited) @executable_path/Frameworks @loader_path/Frameworks";
				PRODUCT_BUNDLE_IDENTIFIER = com.Lmusto.uikitUITests;
				PRODUCT_NAME = "$(TARGET_NAME)";
				SWIFT_VERSION = 3.0;
				TEST_TARGET_NAME = uikit;
			};
			name = Release;
		};
/* End XCBuildConfiguration section */

/* Begin XCConfigurationList section */
		AA4BED8A1E3FBFD9001E828A /* Build configuration list for PBXProject "uikit" */ = {
			isa = XCConfigurationList;
			buildConfigurations = (
				AA4BEDB51E3FBFD9001E828A /* Debug */,
				AA4BEDB61E3FBFD9001E828A /* Release */,
			);
			defaultConfigurationIsVisible = 0;
			defaultConfigurationName = Release;
		};
		AA4BEDB71E3FBFD9001E828A /* Build configuration list for PBXNativeTarget "uikit" */ = {
			isa = XCConfigurationList;
			buildConfigurations = (
				AA4BEDB81E3FBFD9001E828A /* Debug */,
				AA4BEDB91E3FBFD9001E828A /* Release */,
			);
			defaultConfigurationIsVisible = 0;
		};
		AA4BEDBA1E3FBFD9001E828A /* Build configuration list for PBXNativeTarget "uikitTests" */ = {
			isa = XCConfigurationList;
			buildConfigurations = (
				AA4BEDBB1E3FBFD9001E828A /* Debug */,
				AA4BEDBC1E3FBFD9001E828A /* Release */,
			);
			defaultConfigurationIsVisible = 0;
		};
		AA4BEDBD1E3FBFD9001E828A /* Build configuration list for PBXNativeTarget "uikitUITests" */ = {
			isa = XCConfigurationList;
			buildConfigurations = (
				AA4BEDBE1E3FBFD9001E828A /* Debug */,
				AA4BEDBF1E3FBFD9001E828A /* Release */,
			);
			defaultConfigurationIsVisible = 0;
		};
/* End XCConfigurationList section */
	};
	rootObject = AA4BED871E3FBFD9001E828A /* Project object */;
}
